# This file was autogenerated by uv via the following command:
#    uv pip compile pyproject.toml --python-version 3.12 -o /tmp/claude-0/-home-user/ec388eb8-765a-5ce9-ac6c-a5b31141f14a/scratchpad/eie-requirements.lock
aiofiles==25.1.0
    # via domain-enrichment-api (pyproject.toml)
annotated-doc==0.0.5
    # via fastapi
annotated-types==0.8.0
    # via pydantic
anyio==4.15.0
    # via
    #   httpx
    #   perplexityai
    #   starlette
    #   watchfiles
asgiref==3.12.1
    # via opentelemetry-instrumentation-asgi
asyncpg==0.31.0
    # via domain-enrichment-api (pyproject.toml)
certifi==2026.7.22
    # via
    #   httpcore
    #   httpx
cffi==2.1.1
    # via cryptography
click==8.5.0
    # via uvicorn
constellation-node-sdk @ git+https://github.com/Quantum-L9/Gate_SDK.git@2b2f53a28a59bbfb2fa45f5eac32b722d802209a
    # via domain-enrichment-api (pyproject.toml)
cryptography==50.0.1
    # via constellation-node-sdk
distro==1.9.0
    # via perplexityai
fastapi==0.141.1
    # via
    #   domain-enrichment-api (pyproject.toml)
    #   constellation-node-sdk
googleapis-common-protos==1.75.2
    # via opentelemetry-exporter-otlp-proto-grpc
greenlet==3.5.5
    # via sqlalchemy
grpcio==1.83.1
    # via opentelemetry-exporter-otlp-proto-grpc
h11==0.16.0
    # via
    #   httpcore
    #   uvicorn
httpcore==1.0.9
    # via httpx
httptools==0.8.0
    # via uvicorn
httpx==0.28.1
    # via
    #   domain-enrichment-api (pyproject.toml)
    #   constellation-node-sdk
    #   perplexityai
idna==3.19
    # via
    #   anyio
    #   httpx
neo4j==6.3.0
    # via domain-enrichment-api (pyproject.toml)
opentelemetry-api==1.44.0
    # via
    #   domain-enrichment-api (pyproject.toml)
    #   opentelemetry-exporter-otlp-proto-grpc
    #   opentelemetry-instrumentation
    #   opentelemetry-instrumentation-asgi
    #   opentelemetry-instrumentation-fastapi
    #   opentelemetry-instrumentation-httpx
    #   opentelemetry-instrumentation-redis
    #   opentelemetry-sdk
    #   opentelemetry-semantic-conventions
opentelemetry-exporter-otlp-proto-common==1.44.0
    # via opentelemetry-exporter-otlp-proto-grpc
opentelemetry-exporter-otlp-proto-grpc==1.44.0
    # via domain-enrichment-api (pyproject.toml)
opentelemetry-instrumentation==0.65b0
    # via
    #   opentelemetry-instrumentation-asgi
    #   opentelemetry-instrumentation-fastapi
    #   opentelemetry-instrumentation-httpx
    #   opentelemetry-instrumentation-redis
opentelemetry-instrumentation-asgi==0.65b0
    # via opentelemetry-instrumentation-fastapi
opentelemetry-instrumentation-fastapi==0.65b0
    # via domain-enrichment-api (pyproject.toml)
opentelemetry-instrumentation-httpx==0.65b0
    # via domain-enrichment-api (pyproject.toml)
opentelemetry-instrumentation-redis==0.65b0
    # via domain-enrichment-api (pyproject.toml)
opentelemetry-proto==1.44.0
    # via
    #   opentelemetry-exporter-otlp-proto-common
    #   opentelemetry-exporter-otlp-proto-grpc
opentelemetry-sdk==1.44.0
    # via
    #   domain-enrichment-api (pyproject.toml)
    #   opentelemetry-exporter-otlp-proto-grpc
opentelemetry-semantic-conventions==0.65b0
    # via
    #   opentelemetry-instrumentation
    #   opentelemetry-instrumentation-asgi
    #   opentelemetry-instrumentation-fastapi
    #   opentelemetry-instrumentation-httpx
    #   opentelemetry-instrumentation-redis
    #   opentelemetry-sdk
opentelemetry-util-http==0.65b0
    # via
    #   opentelemetry-instrumentation-asgi
    #   opentelemetry-instrumentation-fastapi
    #   opentelemetry-instrumentation-httpx
packaging==26.3
    # via opentelemetry-instrumentation
perplexityai==0.43.5
    # via domain-enrichment-api (pyproject.toml)
prometheus-client==0.26.0
    # via constellation-node-sdk
protobuf==7.36.1
    # via
    #   googleapis-common-protos
    #   opentelemetry-proto
pycparser==3.0
    # via cffi
pydantic==2.13.5
    # via
    #   domain-enrichment-api (pyproject.toml)
    #   constellation-node-sdk
    #   fastapi
    #   perplexityai
    #   pydantic-settings
pydantic-core==2.46.5
    # via pydantic
pydantic-settings==2.15.0
    # via domain-enrichment-api (pyproject.toml)
python-dotenv==1.2.3
    # via
    #   pydantic-settings
    #   uvicorn
python-json-logger==4.2.0
    # via constellation-node-sdk
pytz==2026.3.post1
    # via neo4j
pyyaml==6.0.3
    # via
    #   domain-enrichment-api (pyproject.toml)
    #   constellation-node-sdk
    #   uvicorn
redis==8.1.0
    # via domain-enrichment-api (pyproject.toml)
sniffio==1.3.1
    # via perplexityai
sqlalchemy==2.0.52
    # via domain-enrichment-api (pyproject.toml)
starlette==1.6.0
    # via fastapi
structlog==26.1.0
    # via domain-enrichment-api (pyproject.toml)
typing-extensions==4.16.0
    # via
    #   anyio
    #   fastapi
    #   grpcio
    #   opentelemetry-api
    #   opentelemetry-exporter-otlp-proto-grpc
    #   opentelemetry-sdk
    #   opentelemetry-semantic-conventions
    #   perplexityai
    #   pydantic
    #   pydantic-core
    #   sqlalchemy
    #   starlette
    #   typing-inspection
typing-inspection==0.4.4
    # via
    #   fastapi
    #   pydantic
    #   pydantic-settings
uvicorn==0.52.4
    # via
    #   domain-enrichment-api (pyproject.toml)
    #   constellation-node-sdk
uvloop==0.22.1
    # via uvicorn
watchfiles==1.2.0
    # via uvicorn
websockets==17.1
    # via uvicorn
wrapt==2.4.0
    # via
    #   opentelemetry-instrumentation
    #   opentelemetry-instrumentation-httpx
    #   opentelemetry-instrumentation-redis
